
Microsoft Visual Studio Solution File, Format Version 12.00
Project("{2150E333-8FDC-42A3-9474-1A3956D46DE8}") = "Presentation", "Presentation", "{4B123766-13A9-43CB-9E55-3EADEB6B7C53}"
EndProject
Project("{FAE04EC0-301F-11D3-BF4B-00C04F79EFBC}") = "WebApi", "src\AreSubtitles\WebApi\WebApi.csproj", "{E8291712-D317-4DB3-885A-993D5F568E46}"
EndProject
Project("{FAE04EC0-301F-11D3-BF4B-00C04F79EFBC}") = "Domain", "src\AreSubtitles\Domain\Domain.csproj", "{B17C0A02-A95D-4BDC-85BA-6CE12B7A739B}"
EndProject
Project("{FAE04EC0-301F-11D3-BF4B-00C04F79EFBC}") = "Application", "src\AreSubtitles\Application\Application.csproj", "{2B345777-9079-4D13-AEB1-1DCBB6040E18}"
EndProject
Project("{FAE04EC0-301F-11D3-BF4B-00C04F79EFBC}") = "Infrastructure", "src\AreSubtitles\Infrastructure\Infrastructure.csproj", "{36DCD441-6409-4226-80FA-15471370744B}"
EndProject
Global
	GlobalSection(SolutionConfigurationPlatforms) = preSolution
		Debug|Any CPU = Debug|Any CPU
		Release|Any CPU = Release|Any CPU
	EndGlobalSection
	GlobalSection(ProjectConfigurationPlatforms) = postSolution
		{E8291712-D317-4DB3-885A-993D5F568E46}.Debug|Any CPU.ActiveCfg = Debug|Any CPU
		{E8291712-D317-4DB3-885A-993D5F568E46}.Debug|Any CPU.Build.0 = Debug|Any CPU
		{E8291712-D317-4DB3-885A-993D5F568E46}.Release|Any CPU.ActiveCfg = Release|Any CPU
		{E8291712-D317-4DB3-885A-993D5F568E46}.Release|Any CPU.Build.0 = Release|Any CPU
		{B17C0A02-A95D-4BDC-85BA-6CE12B7A739B}.Debug|Any CPU.ActiveCfg = Debug|Any CPU
		{B17C0A02-A95D-4BDC-85BA-6CE12B7A739B}.Debug|Any CPU.Build.0 = Debug|Any CPU
		{B17C0A02-A95D-4BDC-85BA-6CE12B7A739B}.Release|Any CPU.ActiveCfg = Release|Any CPU
		{B17C0A02-A95D-4BDC-85BA-6CE12B7A739B}.Release|Any CPU.Build.0 = Release|Any CPU
		{2B345777-9079-4D13-AEB1-1DCBB6040E18}.Debug|Any CPU.ActiveCfg = Debug|Any CPU
		{2B345777-9079-4D13-AEB1-1DCBB6040E18}.Debug|Any CPU.Build.0 = Debug|Any CPU
		{2B345777-9079-4D13-AEB1-1DCBB6040E18}.Release|Any CPU.ActiveCfg = Release|Any CPU
		{2B345777-9079-4D13-AEB1-1DCBB6040E18}.Release|Any CPU.Build.0 = Release|Any CPU
		{36DCD441-6409-4226-80FA-15471370744B}.Debug|Any CPU.ActiveCfg = Debug|Any CPU
		{36DCD441-6409-4226-80FA-15471370744B}.Debug|Any CPU.Build.0 = Debug|Any CPU
		{36DCD441-6409-4226-80FA-15471370744B}.Release|Any CPU.ActiveCfg = Release|Any CPU
		{36DCD441-6409-4226-80FA-15471370744B}.Release|Any CPU.Build.0 = Release|Any CPU
	EndGlobalSection
	GlobalSection(NestedProjects) = preSolution
		{E8291712-D317-4DB3-885A-993D5F568E46} = {4B123766-13A9-43CB-9E55-3EADEB6B7C53}
	EndGlobalSection
EndGlobal
